
Microsoft Visual Studio Solution File, Format Version 12.00
# Visual Studio 14
VisualStudioVersion = 14.0.25420.1
MinimumVisualStudioVersion = 10.0.40219.1
Project("{2150E333-8FDC-42A3-9474-1A3956D46DE8}") = "src", "src", "{EC46A5D9-B48C-4A6D-B519-D4408E9889BA}"
EndProject
Project("{2150E333-8FDC-42A3-9474-1A3956D46DE8}") = "Solution Items", "Solution Items", "{33ADFDC1-F2C3-4016-94DD-D752F4ED91C2}"
	ProjectSection(SolutionItems) = preProject
		global.json = global.json
	EndProjectSection
EndProject
Project("{8BB2217D-0F2D-49D1-97BC-3654ED321F3B}") = "SQLiteWeb", "src\SQLiteWeb\SQLiteWeb.xproj", "{37223A5A-B2CB-4E7D-921A-31C17EEC38B0}"
EndProject
Global
	GlobalSection(SolutionConfigurationPlatforms) = preSolution
		Debug|Any CPU = Debug|Any CPU
		Release|Any CPU = Release|Any CPU
	EndGlobalSection
	GlobalSection(ProjectConfigurationPlatforms) = postSolution
		{37223A5A-B2CB-4E7D-921A-31C17EEC38B0}.Debug|Any CPU.ActiveCfg = Debug|Any CPU
		{37223A5A-B2CB-4E7D-921A-31C17EEC38B0}.Debug|Any CPU.Build.0 = Debug|Any CPU
		{37223A5A-B2CB-4E7D-921A-31C17EEC38B0}.Release|Any CPU.ActiveCfg = Release|Any CPU
		{37223A5A-B2CB-4E7D-921A-31C17EEC38B0}.Release|Any CPU.Build.0 = Release|Any CPU
	EndGlobalSection
	GlobalSection(SolutionProperties) = preSolution
		HideSolutionNode = FALSE
	EndGlobalSection
	GlobalSection(NestedProjects) = preSolution
		{37223A5A-B2CB-4E7D-921A-31C17EEC38B0} = {EC46A5D9-B48C-4A6D-B519-D4408E9889BA}
	EndGlobalSection
EndGlobal
